
Microsoft Visual Studio Solution File, Format Version 12.00
# Visual Studio 14
VisualStudioVersion = 14.0.25123.0
MinimumVisualStudioVersion = 10.0.40219.1
Project("{FAE04EC0-301F-11D3-BF4B-00C04F79EFBC}") = "PowerNote", "PowerNote\PowerNote.csproj", "{74A6579A-5844-45A9-9DBD-64F2B051FFAE}"
EndProject
Project("{FAE04EC0-301F-11D3-BF4B-00C04F79EFBC}") = "CJT", "..\CJT\CJT\CJT.csproj", "{CAFBEC34-B3E9-4280-81F6-EA6A7796CE90}"
EndProject
Project("{FAE04EC0-301F-11D3-BF4B-00C04F79EFBC}") = "HardCJT", "..\HardPowerNote\HardCJT\HardCJT.csproj", "{96EF7562-6A80-4A80-9536-96FF6809287E}"
EndProject
Global
	GlobalSection(SolutionConfigurationPlatforms) = preSolution
		Debug|Any CPU = Debug|Any CPU
		Debug|x86 = Debug|x86
		Release|Any CPU = Release|Any CPU
		Release|x86 = Release|x86
	EndGlobalSection
	GlobalSection(ProjectConfigurationPlatforms) = postSolution
		{74A6579A-5844-45A9-9DBD-64F2B051FFAE}.Debug|Any CPU.ActiveCfg = Debug|x86
		{74A6579A-5844-45A9-9DBD-64F2B051FFAE}.Debug|x86.ActiveCfg = Debug|x86
		{74A6579A-5844-45A9-9DBD-64F2B051FFAE}.Debug|x86.Build.0 = Debug|x86
		{74A6579A-5844-45A9-9DBD-64F2B051FFAE}.Release|Any CPU.ActiveCfg = Release|x86
		{74A6579A-5844-45A9-9DBD-64F2B051FFAE}.Release|x86.ActiveCfg = Release|x86
		{74A6579A-5844-45A9-9DBD-64F2B051FFAE}.Release|x86.Build.0 = Release|x86
		{CAFBEC34-B3E9-4280-81F6-EA6A7796CE90}.Debug|Any CPU.ActiveCfg = Debug|Any CPU
		{CAFBEC34-B3E9-4280-81F6-EA6A7796CE90}.Debug|Any CPU.Build.0 = Debug|Any CPU
		{CAFBEC34-B3E9-4280-81F6-EA6A7796CE90}.Debug|x86.ActiveCfg = Debug|Any CPU
		{CAFBEC34-B3E9-4280-81F6-EA6A7796CE90}.Debug|x86.Build.0 = Debug|Any CPU
		{CAFBEC34-B3E9-4280-81F6-EA6A7796CE90}.Release|Any CPU.ActiveCfg = Release|Any CPU
		{CAFBEC34-B3E9-4280-81F6-EA6A7796CE90}.Release|Any CPU.Build.0 = Release|Any CPU
		{CAFBEC34-B3E9-4280-81F6-EA6A7796CE90}.Release|x86.ActiveCfg = Release|Any CPU
		{CAFBEC34-B3E9-4280-81F6-EA6A7796CE90}.Release|x86.Build.0 = Release|Any CPU
		{96EF7562-6A80-4A80-9536-96FF6809287E}.Debug|Any CPU.ActiveCfg = Debug|Any CPU
		{96EF7562-6A80-4A80-9536-96FF6809287E}.Debug|Any CPU.Build.0 = Debug|Any CPU
		{96EF7562-6A80-4A80-9536-96FF6809287E}.Debug|x86.ActiveCfg = Debug|Any CPU
		{96EF7562-6A80-4A80-9536-96FF6809287E}.Debug|x86.Build.0 = Debug|Any CPU
		{96EF7562-6A80-4A80-9536-96FF6809287E}.Release|Any CPU.ActiveCfg = Release|Any CPU
		{96EF7562-6A80-4A80-9536-96FF6809287E}.Release|Any CPU.Build.0 = Release|Any CPU
		{96EF7562-6A80-4A80-9536-96FF6809287E}.Release|x86.ActiveCfg = Release|Any CPU
		{96EF7562-6A80-4A80-9536-96FF6809287E}.Release|x86.Build.0 = Release|Any CPU
	EndGlobalSection
	GlobalSection(SolutionProperties) = preSolution
		HideSolutionNode = FALSE
	EndGlobalSection
EndGlobal
